// !$*UTF8*$!
{
	archiveVersion = 1;
	classes = {
	};
	objectVersion = 52;
	objects = {

/* Begin PBXBuildFile section */
		1858808A2752617600F3F57E /* MyMovieDBApp.swift in Sources */ = {isa = PBXBuildFile; fileRef = 185880892752617600F3F57E /* MyMovieDBApp.swift */; };
		1858808C2752617600F3F57E /* ContentView.swift in Sources */ = {isa = PBXBuildFile; fileRef = 1858808B2752617600F3F57E /* ContentView.swift */; };
		1858808E2752618100F3F57E /* Assets.xcassets in Resources */ = {isa = PBXBuildFile; fileRef = 1858808D2752618100F3F57E /* Assets.xcassets */; };
		185880912752618100F3F57E /* Preview Assets.xcassets in Resources */ = {isa = PBXBuildFile; fileRef = 185880902752618100F3F57E /* Preview Assets.xcassets */; };
		1858809A2753D18A00F3F57E /* MovieCell.swift in Sources */ = {isa = PBXBuildFile; fileRef = 185880992753D18A00F3F57E /* MovieCell.swift */; };
		1858809E2753D74800F3F57E /* Kingfisher in Frameworks */ = {isa = PBXBuildFile; productRef = 1858809D2753D74800F3F57E /* Kingfisher */; };
		186B1B4B27670C9500AC340B /* CircleProgressBar.swift in Sources */ = {isa = PBXBuildFile; fileRef = 186B1B4A27670C9500AC340B /* CircleProgressBar.swift */; };
		186B1B4E27685B3400AC340B /* ActorCell.swift in Sources */ = {isa = PBXBuildFile; fileRef = 186B1B4D27685B3400AC340B /* ActorCell.swift */; };
		186B1B512769AA8400AC340B /* SeasonView.swift in Sources */ = {isa = PBXBuildFile; fileRef = 186B1B502769AA8400AC340B /* SeasonView.swift */; };
		186B1B542769B2BC00AC340B /* MovieDetailHeaderView.swift in Sources */ = {isa = PBXBuildFile; fileRef = 186B1B532769B2BC00AC340B /* MovieDetailHeaderView.swift */; };
		186B1B57276DD95C00AC340B /* MovieCellViewModel.swift in Sources */ = {isa = PBXBuildFile; fileRef = 186B1B56276DD95C00AC340B /* MovieCellViewModel.swift */; };
/* End PBXBuildFile section */

/* Begin PBXFileReference section */
		185880862752617600F3F57E /* MyMovieDB.app */ = {isa = PBXFileReference; explicitFileType = wrapper.application; includeInIndex = 0; path = MyMovieDB.app; sourceTree = BUILT_PRODUCTS_DIR; };
		185880892752617600F3F57E /* MyMovieDBApp.swift */ = {isa = PBXFileReference; lastKnownFileType = sourcecode.swift; path = MyMovieDBApp.swift; sourceTree = "<group>"; };
		1858808B2752617600F3F57E /* ContentView.swift */ = {isa = PBXFileReference; lastKnownFileType = sourcecode.swift; path = ContentView.swift; sourceTree = "<group>"; };
		1858808D2752618100F3F57E /* Assets.xcassets */ = {isa = PBXFileReference; lastKnownFileType = folder.assetcatalog; path = Assets.xcassets; sourceTree = "<group>"; };
		185880902752618100F3F57E /* Preview Assets.xcassets */ = {isa = PBXFileReference; lastKnownFileType = folder.assetcatalog; path = "Preview Assets.xcassets"; sourceTree = "<group>"; };
		185880922752618100F3F57E /* Info.plist */ = {isa = PBXFileReference; lastKnownFileType = text.plist.xml; path = Info.plist; sourceTree = "<group>"; };
		185880992753D18A00F3F57E /* MovieCell.swift */ = {isa = PBXFileReference; lastKnownFileType = sourcecode.swift; path = MovieCell.swift; sourceTree = "<group>"; };
		186B1B4A27670C9500AC340B /* CircleProgressBar.swift */ = {isa = PBXFileReference; lastKnownFileType = sourcecode.swift; path = CircleProgressBar.swift; sourceTree = "<group>"; };
		186B1B4D27685B3400AC340B /* ActorCell.swift */ = {isa = PBXFileReference; lastKnownFileType = sourcecode.swift; path = ActorCell.swift; sourceTree = "<group>"; };
		186B1B502769AA8400AC340B /* SeasonView.swift */ = {isa = PBXFileReference; lastKnownFileType = sourcecode.swift; path = SeasonView.swift; sourceTree = "<group>"; };
		186B1B532769B2BC00AC340B /* MovieDetailHeaderView.swift */ = {isa = PBXFileReference; lastKnownFileType = sourcecode.swift; path = MovieDetailHeaderView.swift; sourceTree = "<group>"; };
		186B1B56276DD95C00AC340B /* MovieCellViewModel.swift */ = {isa = PBXFileReference; lastKnownFileType = sourcecode.swift; path = MovieCellViewModel.swift; sourceTree = "<group>"; };
/* End PBXFileReference section */

/* Begin PBXFrameworksBuildPhase section */
		185880832752617600F3F57E /* Frameworks */ = {
			isa = PBXFrameworksBuildPhase;
			buildActionMask = 2147483647;
			files = (
				1858809E2753D74800F3F57E /* Kingfisher in Frameworks */,
			);
			runOnlyForDeploymentPostprocessing = 0;
		};
/* End PBXFrameworksBuildPhase section */

/* Begin PBXGroup section */
		1858807D2752617600F3F57E = {
			isa = PBXGroup;
			children = (
				185880882752617600F3F57E /* MyMovieDB */,
				185880872752617600F3F57E /* Products */,
			);
			sourceTree = "<group>";
		};
		185880872752617600F3F57E /* Products */ = {
			isa = PBXGroup;
			children = (
				185880862752617600F3F57E /* MyMovieDB.app */,
			);
			name = Products;
			sourceTree = "<group>";
		};
		185880882752617600F3F57E /* MyMovieDB */ = {
			isa = PBXGroup;
			children = (
				185880892752617600F3F57E /* MyMovieDBApp.swift */,
				1858808B2752617600F3F57E /* ContentView.swift */,
				1858808D2752618100F3F57E /* Assets.xcassets */,
				185880922752618100F3F57E /* Info.plist */,
				1858808F2752618100F3F57E /* Preview Content */,
				185880992753D18A00F3F57E /* MovieCell.swift */,
				186B1B4D27685B3400AC340B /* ActorCell.swift */,
				186B1B502769AA8400AC340B /* SeasonView.swift */,
				186B1B532769B2BC00AC340B /* MovieDetailHeaderView.swift */,
				186B1B56276DD95C00AC340B /* MovieCellViewModel.swift */,
				186B1B4A27670C9500AC340B /* CircleProgressBar.swift */,
			);
			path = MyMovieDB;
			sourceTree = "<group>";
		};
		1858808F2752618100F3F57E /* Preview Content */ = {
			isa = PBXGroup;
			children = (
				185880902752618100F3F57E /* Preview Assets.xcassets */,
			);
			path = "Preview Content";
			sourceTree = "<group>";
		};
/* End PBXGroup section */

/* Begin PBXNativeTarget section */
		185880852752617600F3F57E /* MyMovieDB */ = {
			isa = PBXNativeTarget;
			buildConfigurationList = 185880952752618100F3F57E /* Build configuration list for PBXNativeTarget "MyMovieDB" */;
			buildPhases = (
				185880822752617600F3F57E /* Sources */,
				185880832752617600F3F57E /* Frameworks */,
				185880842752617600F3F57E /* Resources */,
			);
			buildRules = (
			);
			dependencies = (
			);
			name = MyMovieDB;
			packageProductDependencies = (
				1858809D2753D74800F3F57E /* Kingfisher */,
			);
			productName = MyMovieDB;
			productReference = 185880862752617600F3F57E /* MyMovieDB.app */;
			productType = "com.apple.product-type.application";
		};
/* End PBXNativeTarget section */

/* Begin PBXProject section */
		1858807E2752617600F3F57E /* Project object */ = {
			isa = PBXProject;
			attributes = {
				LastSwiftUpdateCheck = 1240;
				LastUpgradeCheck = 1240;
				TargetAttributes = {
					185880852752617600F3F57E = {
						CreatedOnToolsVersion = 12.4;
					};
				};
			};
			buildConfigurationList = 185880812752617600F3F57E /* Build configuration list for PBXProject "MyMovieDB" */;
			compatibilityVersion = "Xcode 9.3";
			developmentRegion = en;
			hasScannedForEncodings = 0;
			knownRegions = (
				en,
				Base,
			);
			mainGroup = 1858807D2752617600F3F57E;
			packageReferences = (
				1858809C2753D74800F3F57E /* XCRemoteSwiftPackageReference "Kingfisher" */,
			);
			productRefGroup = 185880872752617600F3F57E /* Products */;
			projectDirPath = "";
			projectRoot = "";
			targets = (
				185880852752617600F3F57E /* MyMovieDB */,
			);
		};
/* End PBXProject section */

/* Begin PBXResourcesBuildPhase section */
		185880842752617600F3F57E /* Resources */ = {
			isa = PBXResourcesBuildPhase;
			buildActionMask = 2147483647;
			files = (
				185880912752618100F3F57E /* Preview Assets.xcassets in Resources */,
				1858808E2752618100F3F57E /* Assets.xcassets in Resources */,
			);
			runOnlyForDeploymentPostprocessing = 0;
		};
/* End PBXResourcesBuildPhase section */

/* Begin PBXSourcesBuildPhase section */
		185880822752617600F3F57E /* Sources */ = {
			isa = PBXSourcesBuildPhase;
			buildActionMask = 2147483647;
			files = (
				1858808C2752617600F3F57E /* ContentView.swift in Sources */,
				1858808A2752617600F3F57E /* MyMovieDBApp.swift in Sources */,
				186B1B542769B2BC00AC340B /* MovieDetailHeaderView.swift in Sources */,
				186B1B4B27670C9500AC340B /* CircleProgressBar.swift in Sources */,
				186B1B512769AA8400AC340B /* SeasonView.swift in Sources */,
				186B1B4E27685B3400AC340B /* ActorCell.swift in Sources */,
				1858809A2753D18A00F3F57E /* MovieCell.swift in Sources */,
				186B1B57276DD95C00AC340B /* MovieCellViewModel.swift in Sources */,
			);
			runOnlyForDeploymentPostprocessing = 0;
		};
/* End PBXSourcesBuildPhase section */

/* Begin XCBuildConfiguration section */
		185880932752618100F3F57E /* Debug */ = {
			isa = XCBuildConfiguration;
			buildSettings = {
				ALWAYS_SEARCH_USER_PATHS = NO;
				CLANG_ANALYZER_NONNULL = YES;
				CLANG_ANALYZER_NUMBER_OBJECT_CONVERSION = YES_AGGRESSIVE;
				CLANG_CXX_LANGUAGE_STANDARD = "gnu++14";
				CLANG_CXX_LIBRARY = "libc++";
				CLANG_ENABLE_MODULES = YES;
				CLANG_ENABLE_OBJC_ARC = YES;
				CLANG_ENABLE_OBJC_WEAK = YES;
				CLANG_WARN_BLOCK_CAPTURE_AUTORELEASING = YES;
				CLANG_WARN_BOOL_CONVERSION = YES;
				CLANG_WARN_COMMA = YES;
				CLANG_WARN_CONSTANT_CONVERSION = YES;
				CLANG_WARN_DEPRECATED_OBJC_IMPLEMENTATIONS = YES;
				CLANG_WARN_DIRECT_OBJC_ISA_USAGE = YES_ERROR;
				CLANG_WARN_DOCUMENTATION_COMMENTS = YES;
				CLANG_WARN_EMPTY_BODY = YES;
				CLANG_WARN_ENUM_CONVERSION = YES;
				CLANG_WARN_INFINITE_RECURSION = YES;
				CLANG_WARN_INT_CONVERSION = YES;
				CLANG_WARN_NON_LITERAL_NULL_CONVERSION = YES;
				CLANG_WARN_OBJC_IMPLICIT_RETAIN_SELF = YES;
				CLANG_WARN_OBJC_LITERAL_CONVERSION = YES;
				CLANG_WARN_OBJC_ROOT_CLASS = YES_ERROR;
				CLANG_WARN_QUOTED_INCLUDE_IN_FRAMEWORK_HEADER = YES;
				CLANG_WARN_RANGE_LOOP_ANALYSIS = YES;
				CLANG_WARN_STRICT_PROTOTYPES = YES;
				CLANG_WARN_SUSPICIOUS_MOVE = YES;
				CLANG_WARN_UNGUARDED_AVAILABILITY = YES_AGGRESSIVE;
				CLANG_WARN_UNREACHABLE_CODE = YES;
				CLANG_WARN__DUPLICATE_METHOD_MATCH = YES;
				COPY_PHASE_STRIP = NO;
				DEBUG_INFORMATION_FORMAT = dwarf;
				ENABLE_STRICT_OBJC_MSGSEND = YES;
				ENABLE_TESTABILITY = YES;
				GCC_C_LANGUAGE_STANDARD = gnu11;
				GCC_DYNAMIC_NO_PIC = NO;
				GCC_NO_COMMON_BLOCKS = YES;
				GCC_OPTIMIZATION_LEVEL = 0;
				GCC_PREPROCESSOR_DEFINITIONS = (
					"DEBUG=1",
					"$(inherited)",
				);
				GCC_WARN_64_TO_32_BIT_CONVERSION = YES;
				GCC_WARN_ABOUT_RETURN_TYPE = YES_ERROR;
				GCC_WARN_UNDECLARED_SELECTOR = YES;
				GCC_WARN_UNINITIALIZED_AUTOS = YES_AGGRESSIVE;
				GCC_WARN_UNUSED_FUNCTION = YES;
				GCC_WARN_UNUSED_VARIABLE = YES;
				IPHONEOS_DEPLOYMENT_TARGET = 14.4;
				MTL_ENABLE_DEBUG_INFO = INCLUDE_SOURCE;
				MTL_FAST_MATH = YES;
				ONLY_ACTIVE_ARCH = YES;
				SDKROOT = iphoneos;
				SWIFT_ACTIVE_COMPILATION_CONDITIONS = DEBUG;
				SWIFT_OPTIMIZATION_LEVEL = "-Onone";
			};
			name = Debug;
		};
		185880942752618100F3F57E /* Release */ = {
			isa = XCBuildConfiguration;
			buildSettings = {
				ALWAYS_SEARCH_USER_PATHS = NO;
				CLANG_ANALYZER_NONNULL = YES;
				CLANG_ANALYZER_NUMBER_OBJECT_CONVERSION = YES_AGGRESSIVE;
				CLANG_CXX_LANGUAGE_STANDARD = "gnu++14";
				CLANG_CXX_LIBRARY = "libc++";
				CLANG_ENABLE_MODULES = YES;
				CLANG_ENABLE_OBJC_ARC = YES;
				CLANG_ENABLE_OBJC_WEAK = YES;
				CLANG_WARN_BLOCK_CAPTURE_AUTORELEASING = YES;
				CLANG_WARN_BOOL_CONVERSION = YES;
				CLANG_WARN_COMMA = YES;
				CLANG_WARN_CONSTANT_CONVERSION = YES;
				CLANG_WARN_DEPRECATED_OBJC_IMPLEMENTATIONS = YES;
				CLANG_WARN_DIRECT_OBJC_ISA_USAGE = YES_ERROR;
				CLANG_WARN_DOCUMENTATION_COMMENTS = YES;
				CLANG_WARN_EMPTY_BODY = YES;
				CLANG_WARN_ENUM_CONVERSION = YES;
				CLANG_WARN_INFINITE_RECURSION = YES;
				CLANG_WARN_INT_CONVERSION = YES;
				CLANG_WARN_NON_LITERAL_NULL_CONVERSION = YES;
				CLANG_WARN_OBJC_IMPLICIT_RETAIN_SELF = YES;
				CLANG_WARN_OBJC_LITERAL_CONVERSION = YES;
				CLANG_WARN_OBJC_ROOT_CLASS = YES_ERROR;
				CLANG_WARN_QUOTED_INCLUDE_IN_FRAMEWORK_HEADER = YES;
				CLANG_WARN_RANGE_LOOP_ANALYSIS = YES;
				CLANG_WARN_STRICT_PROTOTYPES = YES;
				CLANG_WARN_SUSPICIOUS_MOVE = YES;
				CLANG_WARN_UNGUARDED_AVAILABILITY = YES_AGGRESSIVE;
				CLANG_WARN_UNREACHABLE_CODE = YES;
				CLANG_WARN__DUPLICATE_METHOD_MATCH = YES;
				COPY_PHASE_STRIP = NO;
				DEBUG_INFORMATION_FORMAT = "dwarf-with-dsym";
				ENABLE_NS_ASSERTIONS = NO;
				ENABLE_STRICT_OBJC_MSGSEND = YES;
				GCC_C_LANGUAGE_STANDARD = gnu11;
				GCC_NO_COMMON_BLOCKS = YES;
				GCC_WARN_64_TO_32_BIT_CONVERSION = YES;
				GCC_WARN_ABOUT_RETURN_TYPE = YES_ERROR;
				GCC_WARN_UNDECLARED_SELECTOR = YES;
				GCC_WARN_UNINITIALIZED_AUTOS = YES_AGGRESSIVE;
				GCC_WARN_UNUSED_FUNCTION = YES;
				GCC_WARN_UNUSED_VARIABLE = YES;
				IPHONEOS_DEPLOYMENT_TARGET = 14.4;
				MTL_ENABLE_DEBUG_INFO = NO;
				MTL_FAST_MATH = YES;
				SDKROOT = iphoneos;
				SWIFT_COMPILATION_MODE = wholemodule;
				SWIFT_OPTIMIZATION_LEVEL = "-O";
				VALIDATE_PRODUCT = YES;
			};
			name = Release;
		};
		185880962752618100F3F57E /* Debug */ = {
			isa = XCBuildConfiguration;
			buildSettings = {
				ASSETCATALOG_COMPILER_APPICON_NAME = AppIcon;
				ASSETCATALOG_COMPILER_GLOBAL_ACCENT_COLOR_NAME = AccentColor;
				CODE_SIGN_STYLE = Automatic;
				DEVELOPMENT_ASSET_PATHS = "\"MyMovieDB/Preview Content\"";
				DEVELOPMENT_TEAM = Q755853WAX;
				ENABLE_PREVIEWS = YES;
				INFOPLIST_FILE = MyMovieDB/Info.plist;
				IPHONEOS_DEPLOYMENT_TARGET = 14.0;
				LD_RUNPATH_SEARCH_PATHS = (
					"$(inherited)",
					"@executable_path/Frameworks",
				);
				PRODUCT_BUNDLE_IDENTIFIER = SE13.MyMovieDB;
				PRODUCT_NAME = "$(TARGET_NAME)";
				SWIFT_VERSION = 5.0;
				TARGETED_DEVICE_FAMILY = "1,2";
			};
			name = Debug;
		};
		185880972752618100F3F57E /* Release */ = {
			isa = XCBuildConfiguration;
			buildSettings = {
				ASSETCATALOG_COMPILER_APPICON_NAME = AppIcon;
				ASSETCATALOG_COMPILER_GLOBAL_ACCENT_COLOR_NAME = AccentColor;
				CODE_SIGN_STYLE = Automatic;
				DEVELOPMENT_ASSET_PATHS = "\"MyMovieDB/Preview Content\"";
				DEVELOPMENT_TEAM = Q755853WAX;
				ENABLE_PREVIEWS = YES;
				INFOPLIST_FILE = MyMovieDB/Info.plist;
				IPHONEOS_DEPLOYMENT_TARGET = 14.0;
				LD_RUNPATH_SEARCH_PATHS = (
					"$(inherited)",
					"@executable_path/Frameworks",
				);
				PRODUCT_BUNDLE_IDENTIFIER = SE13.MyMovieDB;
				PRODUCT_NAME = "$(TARGET_NAME)";
				SWIFT_VERSION = 5.0;
				TARGETED_DEVICE_FAMILY = "1,2";
			};
			name = Release;
		};
/* End XCBuildConfiguration section */

/* Begin XCConfigurationList section */
		185880812752617600F3F57E /* Build configuration list for PBXProject "MyMovieDB" */ = {
			isa = XCConfigurationList;
			buildConfigurations = (
				185880932752618100F3F57E /* Debug */,
				185880942752618100F3F57E /* Release */,
			);
			defaultConfigurationIsVisible = 0;
			defaultConfigurationName = Release;
		};
		185880952752618100F3F57E /* Build configuration list for PBXNativeTarget "MyMovieDB" */ = {
			isa = XCConfigurationList;
			buildConfigurations = (
				185880962752618100F3F57E /* Debug */,
				185880972752618100F3F57E /* Release */,
			);
			defaultConfigurationIsVisible = 0;
			defaultConfigurationName = Release;
		};
/* End XCConfigurationList section */

/* Begin XCRemoteSwiftPackageReference section */
		1858809C2753D74800F3F57E /* XCRemoteSwiftPackageReference "Kingfisher" */ = {
			isa = XCRemoteSwiftPackageReference;
			repositoryURL = "https://github.com/onevcat/Kingfisher";
			requirement = {
				kind = upToNextMajorVersion;
				minimumVersion = 7.1.1;
			};
		};
/* End XCRemoteSwiftPackageReference section */

/* Begin XCSwiftPackageProductDependency section */
		1858809D2753D74800F3F57E /* Kingfisher */ = {
			isa = XCSwiftPackageProductDependency;
			package = 1858809C2753D74800F3F57E /* XCRemoteSwiftPackageReference "Kingfisher" */;
			productName = Kingfisher;
		};
/* End XCSwiftPackageProductDependency section */
	};
	rootObject = 1858807E2752617600F3F57E /* Project object */;
}
